
Microsoft Visual Studio Solution File, Format Version 11.00
# Visual Studio 2010
Project("{FAE04EC0-301F-11D3-BF4B-00C04F79EFBC}") = "Assembly-CSharp-firstpass", "Assembly-CSharp-firstpass.csproj", "{3924F3BC-2CA2-6F16-0849-E1380B7FD619}"
EndProject
Project("{FAE04EC0-301F-11D3-BF4B-00C04F79EFBC}") = "Assembly-CSharp", "Assembly-CSharp.csproj", "{F19FBF88-0B43-4195-38A1-1A106E58E3F0}"
EndProject
Global
	GlobalSection(SolutionConfigurationPlatforms) = preSolution
		Debug|Any CPU = Debug|Any CPU
		Release|Any CPU = Release|Any CPU
	EndGlobalSection
	GlobalSection(ProjectConfigurationPlatforms) = postSolution
		{3924F3BC-2CA2-6F16-0849-E1380B7FD619}.Debug|Any CPU.ActiveCfg = Debug|Any CPU
		{3924F3BC-2CA2-6F16-0849-E1380B7FD619}.Debug|Any CPU.Build.0 = Debug|Any CPU
		{3924F3BC-2CA2-6F16-0849-E1380B7FD619}.Release|Any CPU.ActiveCfg = Release|Any CPU
		{3924F3BC-2CA2-6F16-0849-E1380B7FD619}.Release|Any CPU.Build.0 = Release|Any CPU
		{F19FBF88-0B43-4195-38A1-1A106E58E3F0}.Debug|Any CPU.ActiveCfg = Debug|Any CPU
		{F19FBF88-0B43-4195-38A1-1A106E58E3F0}.Debug|Any CPU.Build.0 = Debug|Any CPU
		{F19FBF88-0B43-4195-38A1-1A106E58E3F0}.Release|Any CPU.ActiveCfg = Release|Any CPU
		{F19FBF88-0B43-4195-38A1-1A106E58E3F0}.Release|Any CPU.Build.0 = Release|Any CPU
	EndGlobalSection
	GlobalSection(SolutionProperties) = preSolution
		HideSolutionNode = FALSE
	EndGlobalSection
EndGlobal
